
Microsoft Visual Studio Solution File, Format Version 12.00
# Visual Studio Version 17
VisualStudioVersion = 17.6.33801.468
MinimumVisualStudioVersion = 10.0.40219.1
Project("{FAE04EC0-301F-11D3-BF4B-00C04F79EFBC}") = "FinForm1.2", "FinForm1.2.csproj", "{CE1F2169-E763-4146-A01D-1EC549C16DD6}"
EndProject
Global
	GlobalSection(SolutionConfigurationPlatforms) = preSolution
		Debug|Any CPU = Debug|Any CPU
		Release|Any CPU = Release|Any CPU
	EndGlobalSection
	GlobalSection(ProjectConfigurationPlatforms) = postSolution
		{CE1F2169-E763-4146-A01D-1EC549C16DD6}.Debug|Any CPU.ActiveCfg = Debug|Any CPU
		{CE1F2169-E763-4146-A01D-1EC549C16DD6}.Debug|Any CPU.Build.0 = Debug|Any CPU
		{CE1F2169-E763-4146-A01D-1EC549C16DD6}.Release|Any CPU.ActiveCfg = Release|Any CPU
		{CE1F2169-E763-4146-A01D-1EC549C16DD6}.Release|Any CPU.Build.0 = Release|Any CPU
	EndGlobalSection
	GlobalSection(SolutionProperties) = preSolution
		HideSolutionNode = FALSE
	EndGlobalSection
	GlobalSection(ExtensibilityGlobals) = postSolution
		SolutionGuid = {D7A36D86-395A-4695-9B94-E17EE4F8EB88}
	EndGlobalSection
EndGlobal
